# THIS IS AN AUTOGENERATED FILE. DO NOT EDIT THIS FILE DIRECTLY.
# yarn lockfile v1


brotli-size@4.0.0:
  version "4.0.0"
  resolved "https://registry.yarnpkg.com/brotli-size/-/brotli-size-4.0.0.tgz#a05ee3faad3c0e700a2f2da826ba6b4d76e69e5e"
  integrity sha512-uA9fOtlTRC0iqKfzff1W34DXUA3GyVqbUaeo3Rw3d4gd1eavKVCETXrn3NzO74W+UVkG3UHu8WxUi+XvKI/huA==
  dependencies:
    duplexer "0.1.1"

duplexer@0.1.1, duplexer@^0.1.1:
  version "0.1.1"
  resolved "https://registry.yarnpkg.com/duplexer/-/duplexer-0.1.1.tgz#ace6ff808c1ce66b57d1ebf97977acb02334cfc1"
  integrity sha1-rOb/gIwc5mtX0ev5eXessCM0z8E=

gzip-size@5.1.1:
  version "5.1.1"
  resolved "https://registry.yarnpkg.com/gzip-size/-/gzip-size-5.1.1.tgz#cb9bee692f87c0612b232840a873904e4c135274"
  integrity sha512-FNHi6mmoHvs1mxZAds4PpdCS6QG8B4C1krxJsMutgxl5t3+GlRTzzI3NEkifXx2pVsOvJdOGSmIgDhQ55FwdPA==
  dependencies:
    duplexer "^0.1.1"
    pify "^4.0.1"

klap@4.2.1:
  version "4.2.1"
  resolved "https://registry.yarnpkg.com/klap/-/klap-4.2.1.tgz#898af2786e471c8509bcbd20bf954e6546ab594f"
  integrity sha512-Y5FY7/aNKvD8zxh2chYVKeRxDqsXxvuq1ZQeI9lLrxqMb/2Vh92ydcOBGrfbLyJ/6im9viLDuJiNWdjM856Uhw==

kleur@3.0.3:
  version "3.0.3"
  resolved "https://registry.yarnpkg.com/kleur/-/kleur-3.0.3.tgz#a79c9ecc86ee1ce3fa6206d1216c501f147fc07e"
  integrity sha512-eTIzlVOSUR+JxdDFepEYcBMtZ9Qqdef+rnzWdRZuMbOywu5tO2w2N7rqjoANZ5k9vywhL6Br1VRjUIgTQx4E8w==

pify@^4.0.1:
  version "4.0.1"
  resolved "https://registry.yarnpkg.com/pify/-/pify-4.0.1.tgz#4b2cd25c50d598735c50292224fd8c6df41e3231"
  integrity sha512-uB80kBFb/tfd68bVleG9T5GGsGPjJrLAUpR5PZIrhBnIaRTQRjqdJSsIKkOP6OAIFbj7GOrcudc5pNjZ+geV2g==

pretty-bytes@5.3.0:
  version "5.3.0"
  resolved "https://registry.yarnpkg.com/pretty-bytes/-/pretty-bytes-5.3.0.tgz#f2849e27db79fb4d6cfe24764fc4134f165989f2"
  integrity sha512-hjGrh+P926p4R4WbaB6OckyRtO0F0/lQBiT+0gnxjV+5kjPBrfVBFCsCLbMqVQeydvIoouYTCmmEURiH3R1Bdg==
